
Microsoft Visual Studio Solution File, Format Version 12.00
# Visual Studio Version 16
VisualStudioVersion = 16.0.31911.196
MinimumVisualStudioVersion = 10.0.40219.1
Project("{FAE04EC0-301F-11D3-BF4B-00C04F79EFBC}") = "AgendaUI", "AgendaUI\AgendaUI\AgendaUI.csproj", "{7EF42F62-85B8-4330-A9E3-8C536114D0B1}"
EndProject
Project("{FAE04EC0-301F-11D3-BF4B-00C04F79EFBC}") = "AgendaDAL", "AgendaInfra\AgendaInfra\AgendaDAL.csproj", "{6C9B19B9-C048-4FF0-A73B-091A8E376F72}"
EndProject
Project("{FAE04EC0-301F-11D3-BF4B-00C04F79EFBC}") = "AgendaDALTest", "AgendaInfra\Test\AgendaInfraTest\AgendaDALTest.csproj", "{34967262-AAA8-4E2F-87BE-62484BABC5DC}"
EndProject
Project("{FAE04EC0-301F-11D3-BF4B-00C04F79EFBC}") = "AgendaDomain", "Dominio\AgendaDominio\AgendaDomain.csproj", "{B960BBC1-1E0B-4035-9FCA-5B1F9EB653F7}"
EndProject
Project("{2150E333-8FDC-42A3-9474-1A3956D46DE8}") = "Tests", "Tests", "{131C4343-4F8F-4783-9C38-7388F02AA6F7}"
EndProject
Project("{FAE04EC0-301F-11D3-BF4B-00C04F79EFBC}") = "AgendaRepos", "AgendaAbstract\AgendaAbstract\AgendaRepos.csproj", "{6E91814A-6050-43C5-8A25-AEA24A02D5C2}"
EndProject
Global
	GlobalSection(SolutionConfigurationPlatforms) = preSolution
		Debug|Any CPU = Debug|Any CPU
		Release|Any CPU = Release|Any CPU
	EndGlobalSection
	GlobalSection(ProjectConfigurationPlatforms) = postSolution
		{7EF42F62-85B8-4330-A9E3-8C536114D0B1}.Debug|Any CPU.ActiveCfg = Debug|Any CPU
		{7EF42F62-85B8-4330-A9E3-8C536114D0B1}.Debug|Any CPU.Build.0 = Debug|Any CPU
		{7EF42F62-85B8-4330-A9E3-8C536114D0B1}.Release|Any CPU.ActiveCfg = Release|Any CPU
		{7EF42F62-85B8-4330-A9E3-8C536114D0B1}.Release|Any CPU.Build.0 = Release|Any CPU
		{6C9B19B9-C048-4FF0-A73B-091A8E376F72}.Debug|Any CPU.ActiveCfg = Debug|Any CPU
		{6C9B19B9-C048-4FF0-A73B-091A8E376F72}.Debug|Any CPU.Build.0 = Debug|Any CPU
		{6C9B19B9-C048-4FF0-A73B-091A8E376F72}.Release|Any CPU.ActiveCfg = Release|Any CPU
		{6C9B19B9-C048-4FF0-A73B-091A8E376F72}.Release|Any CPU.Build.0 = Release|Any CPU
		{34967262-AAA8-4E2F-87BE-62484BABC5DC}.Debug|Any CPU.ActiveCfg = Debug|Any CPU
		{34967262-AAA8-4E2F-87BE-62484BABC5DC}.Debug|Any CPU.Build.0 = Debug|Any CPU
		{34967262-AAA8-4E2F-87BE-62484BABC5DC}.Release|Any CPU.ActiveCfg = Release|Any CPU
		{34967262-AAA8-4E2F-87BE-62484BABC5DC}.Release|Any CPU.Build.0 = Release|Any CPU
		{B960BBC1-1E0B-4035-9FCA-5B1F9EB653F7}.Debug|Any CPU.ActiveCfg = Debug|Any CPU
		{B960BBC1-1E0B-4035-9FCA-5B1F9EB653F7}.Debug|Any CPU.Build.0 = Debug|Any CPU
		{B960BBC1-1E0B-4035-9FCA-5B1F9EB653F7}.Release|Any CPU.ActiveCfg = Release|Any CPU
		{B960BBC1-1E0B-4035-9FCA-5B1F9EB653F7}.Release|Any CPU.Build.0 = Release|Any CPU
		{6E91814A-6050-43C5-8A25-AEA24A02D5C2}.Debug|Any CPU.ActiveCfg = Debug|Any CPU
		{6E91814A-6050-43C5-8A25-AEA24A02D5C2}.Debug|Any CPU.Build.0 = Debug|Any CPU
		{6E91814A-6050-43C5-8A25-AEA24A02D5C2}.Release|Any CPU.ActiveCfg = Release|Any CPU
		{6E91814A-6050-43C5-8A25-AEA24A02D5C2}.Release|Any CPU.Build.0 = Release|Any CPU
	EndGlobalSection
	GlobalSection(SolutionProperties) = preSolution
		HideSolutionNode = FALSE
	EndGlobalSection
	GlobalSection(NestedProjects) = preSolution
		{34967262-AAA8-4E2F-87BE-62484BABC5DC} = {131C4343-4F8F-4783-9C38-7388F02AA6F7}
	EndGlobalSection
	GlobalSection(ExtensibilityGlobals) = postSolution
		SolutionGuid = {17914003-C241-475B-ABAA-C8FD26012513}
	EndGlobalSection
EndGlobal
